
Microsoft Visual Studio Solution File, Format Version 12.00
# Visual Studio Version 17
VisualStudioVersion = 17.9.34723.18
MinimumVisualStudioVersion = 10.0.40219.1
Project("{FAE04EC0-301F-11D3-BF4B-00C04F79EFBC}") = "auto_chinhdo", "auto_chinhdo.csproj", "{8FF4BA39-A570-4C22-92B6-A5AD3E82BEE2}"
EndProject
Global
	GlobalSection(SolutionConfigurationPlatforms) = preSolution
		Debug|Any CPU = Debug|Any CPU
		Release|Any CPU = Release|Any CPU
	EndGlobalSection
	GlobalSection(ProjectConfigurationPlatforms) = postSolution
		{8FF4BA39-A570-4C22-92B6-A5AD3E82BEE2}.Debug|Any CPU.ActiveCfg = Debug|Any CPU
		{8FF4BA39-A570-4C22-92B6-A5AD3E82BEE2}.Debug|Any CPU.Build.0 = Debug|Any CPU
		{8FF4BA39-A570-4C22-92B6-A5AD3E82BEE2}.Release|Any CPU.ActiveCfg = Release|Any CPU
		{8FF4BA39-A570-4C22-92B6-A5AD3E82BEE2}.Release|Any CPU.Build.0 = Release|Any CPU
	EndGlobalSection
	GlobalSection(SolutionProperties) = preSolution
		HideSolutionNode = FALSE
	EndGlobalSection
	GlobalSection(ExtensibilityGlobals) = postSolution
		SolutionGuid = {BD38E67D-1643-4107-8C22-F50FB489111A}
	EndGlobalSection
EndGlobal
